
Microsoft Visual Studio Solution File, Format Version 12.00
# Visual Studio Version 16
VisualStudioVersion = 16.0.30204.135
MinimumVisualStudioVersion = 10.0.40219.1
Project("{2150E333-8FDC-42A3-9474-1A3956D46DE8}") = "Layers", "Layers", "{E3E96823-4DD9-4232-ABD5-D62B5D4F3520}"
EndProject
Project("{2150E333-8FDC-42A3-9474-1A3956D46DE8}") = "1 Presentacion", "1 Presentacion", "{9074D2D9-09FF-41FE-9891-C1AA2CD108A9}"
EndProject
Project("{2150E333-8FDC-42A3-9474-1A3956D46DE8}") = "2 Dominio", "2 Dominio", "{E0462E7C-3CDC-41B4-A443-60D8A3435103}"
EndProject
Project("{2150E333-8FDC-42A3-9474-1A3956D46DE8}") = "3 Infraestructura", "3 Infraestructura", "{85714F52-F306-40DC-85E4-615BE3E71B52}"
EndProject
Project("{9A19103F-16F7-4668-BE54-9A1E7A4F7556}") = "TecSoftware.Api", "TecSoftware.Api\TecSoftware.Api.csproj", "{73623389-660D-4798-B36D-450E03DC855C}"
EndProject
Project("{9A19103F-16F7-4668-BE54-9A1E7A4F7556}") = "TecSoftware.Infrastructure", "TecSoftware.Infrastructure\TecSoftware.Infrastructure.csproj", "{03539803-0911-4AFF-8311-D8CE3548FA72}"
EndProject
Project("{2150E333-8FDC-42A3-9474-1A3956D46DE8}") = "2.1 EntidadesDominio", "2.1 EntidadesDominio", "{057DEF28-4598-43CD-86F6-26A77708CD62}"
EndProject
Project("{9A19103F-16F7-4668-BE54-9A1E7A4F7556}") = "TecSoftware.EntidadesDominio", "TecSoftware.EntidadesDominio\TecSoftware.EntidadesDominio.csproj", "{C47A1BE5-F4FF-4896-9CE7-289637EB7CE3}"
EndProject
Project("{2150E333-8FDC-42A3-9474-1A3956D46DE8}") = "2.2 ServiciosDominio", "2.2 ServiciosDominio", "{C9D8BDBB-77CF-40B4-834F-82439BEF81C7}"
EndProject
Project("{9A19103F-16F7-4668-BE54-9A1E7A4F7556}") = "TecSoftware.Core", "TecSoftware.Core\TecSoftware.Core.csproj", "{DB4778C5-527A-4AA0-B0C5-7572B785DD7A}"
EndProject
Global
	GlobalSection(SolutionConfigurationPlatforms) = preSolution
		Debug|Any CPU = Debug|Any CPU
		Release|Any CPU = Release|Any CPU
	EndGlobalSection
	GlobalSection(ProjectConfigurationPlatforms) = postSolution
		{73623389-660D-4798-B36D-450E03DC855C}.Debug|Any CPU.ActiveCfg = Debug|Any CPU
		{73623389-660D-4798-B36D-450E03DC855C}.Debug|Any CPU.Build.0 = Debug|Any CPU
		{73623389-660D-4798-B36D-450E03DC855C}.Release|Any CPU.ActiveCfg = Release|Any CPU
		{73623389-660D-4798-B36D-450E03DC855C}.Release|Any CPU.Build.0 = Release|Any CPU
		{03539803-0911-4AFF-8311-D8CE3548FA72}.Debug|Any CPU.ActiveCfg = Debug|Any CPU
		{03539803-0911-4AFF-8311-D8CE3548FA72}.Debug|Any CPU.Build.0 = Debug|Any CPU
		{03539803-0911-4AFF-8311-D8CE3548FA72}.Release|Any CPU.ActiveCfg = Release|Any CPU
		{03539803-0911-4AFF-8311-D8CE3548FA72}.Release|Any CPU.Build.0 = Release|Any CPU
		{C47A1BE5-F4FF-4896-9CE7-289637EB7CE3}.Debug|Any CPU.ActiveCfg = Debug|Any CPU
		{C47A1BE5-F4FF-4896-9CE7-289637EB7CE3}.Debug|Any CPU.Build.0 = Debug|Any CPU
		{C47A1BE5-F4FF-4896-9CE7-289637EB7CE3}.Release|Any CPU.ActiveCfg = Release|Any CPU
		{C47A1BE5-F4FF-4896-9CE7-289637EB7CE3}.Release|Any CPU.Build.0 = Release|Any CPU
		{DB4778C5-527A-4AA0-B0C5-7572B785DD7A}.Debug|Any CPU.ActiveCfg = Debug|Any CPU
		{DB4778C5-527A-4AA0-B0C5-7572B785DD7A}.Debug|Any CPU.Build.0 = Debug|Any CPU
		{DB4778C5-527A-4AA0-B0C5-7572B785DD7A}.Release|Any CPU.ActiveCfg = Release|Any CPU
		{DB4778C5-527A-4AA0-B0C5-7572B785DD7A}.Release|Any CPU.Build.0 = Release|Any CPU
	EndGlobalSection
	GlobalSection(SolutionProperties) = preSolution
		HideSolutionNode = FALSE
	EndGlobalSection
	GlobalSection(NestedProjects) = preSolution
		{9074D2D9-09FF-41FE-9891-C1AA2CD108A9} = {E3E96823-4DD9-4232-ABD5-D62B5D4F3520}
		{E0462E7C-3CDC-41B4-A443-60D8A3435103} = {E3E96823-4DD9-4232-ABD5-D62B5D4F3520}
		{85714F52-F306-40DC-85E4-615BE3E71B52} = {E3E96823-4DD9-4232-ABD5-D62B5D4F3520}
		{73623389-660D-4798-B36D-450E03DC855C} = {9074D2D9-09FF-41FE-9891-C1AA2CD108A9}
		{03539803-0911-4AFF-8311-D8CE3548FA72} = {85714F52-F306-40DC-85E4-615BE3E71B52}
		{057DEF28-4598-43CD-86F6-26A77708CD62} = {E0462E7C-3CDC-41B4-A443-60D8A3435103}
		{C47A1BE5-F4FF-4896-9CE7-289637EB7CE3} = {057DEF28-4598-43CD-86F6-26A77708CD62}
		{C9D8BDBB-77CF-40B4-834F-82439BEF81C7} = {E0462E7C-3CDC-41B4-A443-60D8A3435103}
		{DB4778C5-527A-4AA0-B0C5-7572B785DD7A} = {C9D8BDBB-77CF-40B4-834F-82439BEF81C7}
	EndGlobalSection
	GlobalSection(ExtensibilityGlobals) = postSolution
		SolutionGuid = {7F9B9148-C0A3-49C0-9434-4E0E7D8FF3EC}
	EndGlobalSection
EndGlobal
